
Microsoft Visual Studio Solution File, Format Version 12.00
# Visual Studio Version 17
VisualStudioVersion = 17.14.36518.9 d17.14
MinimumVisualStudioVersion = 10.0.40219.1
Project("{8BC9CEB8-8B4A-11D0-8D11-00A0C91BC942}") = "Zad3", "Zad3\Zad3.vcxproj", "{4D205DFD-8736-424B-929D-CC3E7ED0E57C}"
EndProject
Global
	GlobalSection(SolutionConfigurationPlatforms) = preSolution
		Debug|x64 = Debug|x64
		Debug|x86 = Debug|x86
		Release|x64 = Release|x64
		Release|x86 = Release|x86
	EndGlobalSection
	GlobalSection(ProjectConfigurationPlatforms) = postSolution
		{4D205DFD-8736-424B-929D-CC3E7ED0E57C}.Debug|x64.ActiveCfg = Debug|x64
		{4D205DFD-8736-424B-929D-CC3E7ED0E57C}.Debug|x64.Build.0 = Debug|x64
		{4D205DFD-8736-424B-929D-CC3E7ED0E57C}.Debug|x86.ActiveCfg = Debug|Win32
		{4D205DFD-8736-424B-929D-CC3E7ED0E57C}.Debug|x86.Build.0 = Debug|Win32
		{4D205DFD-8736-424B-929D-CC3E7ED0E57C}.Release|x64.ActiveCfg = Release|x64
		{4D205DFD-8736-424B-929D-CC3E7ED0E57C}.Release|x64.Build.0 = Release|x64
		{4D205DFD-8736-424B-929D-CC3E7ED0E57C}.Release|x86.ActiveCfg = Release|Win32
		{4D205DFD-8736-424B-929D-CC3E7ED0E57C}.Release|x86.Build.0 = Release|Win32
	EndGlobalSection
	GlobalSection(SolutionProperties) = preSolution
		HideSolutionNode = FALSE
	EndGlobalSection
	GlobalSection(ExtensibilityGlobals) = postSolution
		SolutionGuid = {510C2086-FAB4-4C10-A19D-09E999781DF2}
	EndGlobalSection
EndGlobal
